PODS:
  - Alamofire (5.10.2)
  - FBAEMKit (18.0.1):
    - FBSDKCoreKit_Basics (= 18.0.1)
  - FBSDKCoreKit (18.0.1):
    - FBAEMKit (= 18.0.1)
    - FBSDKCoreKit_Basics (= 18.0.1)
  - FBSDKCoreKit_Basics (18.0.1)
  - IQKeyboardManagerSwift (6.5.16)
  - Kingfisher (8.5.0)
  - MJRefresh (3.7.9)
  - RxCocoa (6.9.0):
    - RxRelay (= 6.9.0)
    - RxSwift (= 6.9.0)
  - RxGesture (4.0.4):
    - RxCocoa (~> 6.0)
    - RxSwift (~> 6.0)
  - RxRelay (6.9.0):
    - RxSwift (= 6.9.0)
  - RxSwift (6.9.0)
  - SAMKeychain (1.5.3)
  - SnapKit (5.7.1)
  - Toast-Swift (5.1.1)
  - TYAlertController (1.2.0)

DEPENDENCIES:
  - Alamofire
  - FBSDKCoreKit
  - IQKeyboardManagerSwift (~> 6.5.16)
  - Kingfisher
  - MJRefresh
  - RxCocoa
  - RxGesture
  - RxSwift
  - SAMKeychain
  - SnapKit
  - Toast-Swift
  - TYAlertController

SPEC REPOS:
  trunk:
    - Alamofire
    - FBAEMKit
    - FBSDKCoreKit
    - FBSDKCoreKit_Basics
    - IQKeyboardManagerSwift
    - Kingfisher
    - MJRefresh
    - RxCocoa
    - RxGesture
    - RxRelay
    - RxSwift
    - SAMKeychain
    - SnapKit
    - Toast-Swift
    - TYAlertController

SPEC CHECKSUMS:
  Alamofire: 7193b3b92c74a07f85569e1a6c4f4237291e7496
  FBAEMKit: b2ed182002dbcb65d5a60059c9693d322186cd00
  FBSDKCoreKit: 7f96852f2539bdb88ba8d47e5ab4ae70a6f8d691
  FBSDKCoreKit_Basics: 22d4c1a509ded4e45116f3bb167a14907550f62e
  IQKeyboardManagerSwift: 12d89768845bb77b55cc092ecc2b1f9370f06b76
  Kingfisher: ff0d31a1f07bdff6a1ebb3ba08b8e6e567b6500c
  MJRefresh: ff9e531227924c84ce459338414550a05d2aea78
  RxCocoa: ac16414696ae706516be3e1ab00fcce5bdc9be8a
  RxGesture: f3efb47ed2d26a8082f7b660d4a59970e275a7f8
  RxRelay: 6b0c930e5cef57d5fe2032571e5e65b78e3cbdb1
  RxSwift: 31649ace6aceeb422e16ff71c60804f9c3281ed9
  SAMKeychain: 483e1c9f32984d50ca961e26818a534283b4cd5c
  SnapKit: d612e99e678a2d3b95bf60b0705ed0a35c03484a
  Toast-Swift: 7a03a532afe3a560d4044bc7c237e2864d295173
  TYAlertController: c121090edb0bea7426f987da94cdddd81eef4231

PODFILE CHECKSUM: 99865d298af2b016fa1b16d27d4cd696cdf459a9

COCOAPODS: 1.16.2
